{
  "version": "1.0.0",
  "lockfileVersion": 2,
  "workspaces": {
    "": {
      "name": "system-cleaner",
      "dependencies": {
        "@stacksjs/bun-router": "^0.0.14",
        "@stacksjs/stx": "0.2.48",
        "@system-cleaner/clean": "workspace:*",
        "@system-cleaner/core": "workspace:*",
        "@system-cleaner/disk": "workspace:*",
        "@system-cleaner/monitor": "workspace:*",
        "@system-cleaner/uninstall": "workspace:*",
        "bun-plugin-stx": "^0.2.47",
        "ts-broadcasting": "^0.0.5"
      },
      "devDependencies": {
        "@types/bun": "^1.3.13",
        "better-dx": "^0.2.15",
        "puppeteer": "^24.42.0",
        "typescript": "^6.0.3"
      }
    },
    "packages/clean": {
      "name": "@system-cleaner/clean",
      "version": "0.1.0",
      "dependencies": {
        "@system-cleaner/core": "workspace:*"
      }
    },
    "packages/cli": {
      "name": "@system-cleaner/cli",
      "version": "0.1.0",
      "dependencies": {
        "@stacksjs/clapp": "^0.2.8",
        "@system-cleaner/clean": "workspace:*",
        "@system-cleaner/core": "workspace:*",
        "@system-cleaner/disk": "workspace:*",
        "@system-cleaner/monitor": "workspace:*",
        "@system-cleaner/uninstall": "workspace:*"
      }
    },
    "packages/core": {
      "name": "@system-cleaner/core",
      "version": "0.1.0"
    },
    "packages/disk": {
      "name": "@system-cleaner/disk",
      "version": "0.1.0",
      "dependencies": {
        "@system-cleaner/core": "workspace:*"
      }
    },
    "packages/monitor": {
      "name": "@system-cleaner/monitor",
      "version": "0.1.0",
      "dependencies": {
        "@system-cleaner/core": "workspace:*"
      }
    },
    "packages/uninstall": {
      "name": "@system-cleaner/uninstall",
      "version": "0.1.0",
      "dependencies": {
        "@system-cleaner/core": "workspace:*"
      }
    }
  },
  "packages": {
    "@stacksjs/bun-router@^0.0.14": {
      "name": "@stacksjs/bun-router",
      "version": "^0.0.14",
      "source": "npm"
    },
    "@stacksjs/clapp@^0.2.8": {
      "name": "@stacksjs/clapp",
      "version": "^0.2.8",
      "source": "npm"
    },
    "@stacksjs/stx@0.2.48": {
      "name": "@stacksjs/stx",
      "version": "0.2.48",
      "source": "npm",
      "dependencies": {
        "@cwcss/crosswind": "^0.2.0",
        "@stacksjs/clapp": "^0.2.0",
        "@stacksjs/desktop": "0.2.46",
        "@stacksjs/sanitizer": "0.2.35",
        "@stacksjs/ts-craft": "^0.0.2",
        "bun-plugin-stx": "0.2.47",
        "bunfig": "^0.15.6",
        "stx-router": "0.2.48",
        "ts-broadcasting": "^0.0.4",
        "ts-syntax-highlighter": "^0.2.1"
      },
      "bin": {
        "stx": "./dist/cli.js"
      }
    },
    "@types/bun@^1.3.13": {
      "name": "@types/bun",
      "version": "^1.3.13",
      "source": "npm",
      "dependencies": {
        "bun-types": "1.3.14"
      }
    },
    "better-dx@^0.2.15": {
      "name": "better-dx",
      "version": "^0.2.15",
      "source": "npm",
      "peerDependencies": {
        "@stacksjs/bumpx": "^0.2.4",
        "@stacksjs/bunpress": "^0.1.1",
        "@stacksjs/clarity": "^0.3.24",
        "@stacksjs/gitlint": "^0.1.5",
        "@stacksjs/logsmith": "^0.2.1",
        "@types/bun": "^1.3.10",
        "buddy-bot": "^0.9.17",
        "bun-git-hooks": "^0.3.1",
        "bun-plugin-dtsx": "^0.9.13",
        "bunfig": "^0.15.6",
        "pickier": "^0.1.20",
        "ts-error-handling": "^0.1.1",
        "typescript": "^5.9.3"
      },
      "bin": {
        "better-dx": "./dist/bin/cli.js",
        "dx": "./dist/bin/cli.js"
      }
    },
    "bun-plugin-stx@^0.2.47": {
      "name": "bun-plugin-stx",
      "version": "^0.2.47",
      "source": "npm",
      "dependencies": {
        "@stacksjs/stx": "0.2.10"
      },
      "bin": {
        "serve": "./dist/serve.js",
        "stx-serve": "./dist/serve.js"
      }
    },
    "puppeteer@^24.42.0": {
      "name": "puppeteer",
      "version": "^24.42.0",
      "source": "npm",
      "dependencies": {
        "@puppeteer/browsers": "2.13.2",
        "chromium-bidi": "14.0.0",
        "cosmiconfig": "^9.0.0",
        "devtools-protocol": "0.0.1608973",
        "puppeteer-core": "24.43.1",
        "typed-query-selector": "^2.12.2"
      },
      "bin": {
        "puppeteer": "./lib/cjs/puppeteer/node/cli.js"
      }
    },
    "ts-broadcasting@^0.0.5": {
      "name": "ts-broadcasting",
      "version": "^0.0.5",
      "source": "npm",
      "bin": {
        "broadcast": "./dist/bin/cli.js"
      }
    },
    "typescriptlang.org@^6.0.3": {
      "name": "typescriptlang.org",
      "version": "^6.0.3",
      "source": "npm"
    }
  }
}
